
Microsoft Visual Studio Solution File, Format Version 12.00
# Visual Studio 15
VisualStudioVersion = 15.0.27428.2005
MinimumVisualStudioVersion = 10.0.40219.1
Project("{FAE04EC0-301F-11D3-BF4B-00C04F79EFBC}") = "BiscuitPrototypeCSHARP", "BiscuitPrototypeCSHARP\BiscuitPrototypeCSHARP.csproj", "{18B4616E-7FA8-4B56-AF83-3C0A2FB325C3}"
EndProject
Global
	GlobalSection(SolutionConfigurationPlatforms) = preSolution
		Debug|Any CPU = Debug|Any CPU
		Release|Any CPU = Release|Any CPU
	EndGlobalSection
	GlobalSection(ProjectConfigurationPlatforms) = postSolution
		{18B4616E-7FA8-4B56-AF83-3C0A2FB325C3}.Debug|Any CPU.ActiveCfg = Debug|Any CPU
		{18B4616E-7FA8-4B56-AF83-3C0A2FB325C3}.Debug|Any CPU.Build.0 = Debug|Any CPU
		{18B4616E-7FA8-4B56-AF83-3C0A2FB325C3}.Release|Any CPU.ActiveCfg = Release|Any CPU
		{18B4616E-7FA8-4B56-AF83-3C0A2FB325C3}.Release|Any CPU.Build.0 = Release|Any CPU
	EndGlobalSection
	GlobalSection(SolutionProperties) = preSolution
		HideSolutionNode = FALSE
	EndGlobalSection
	GlobalSection(ExtensibilityGlobals) = postSolution
		SolutionGuid = {7B9623B8-CA82-4235-B250-D1A97C2626D5}
	EndGlobalSection
EndGlobal
